// !$*UTF8*$!
{
	archiveVersion = 1;
	classes = {
	};
	objectVersion = 46;
	objects = {

/* Begin PBXBuildFile section */
		141222861A98381600C61EEE /* TavoloSignupViewController.m in Sources */ = {isa = PBXBuildFile; fileRef = 141222851A98381600C61EEE /* TavoloSignupViewController.m */; };
		144BEC2F1A7D890E00A66822 /* main.m in Sources */ = {isa = PBXBuildFile; fileRef = 144BEC2E1A7D890E00A66822 /* main.m */; };
		144BEC321A7D890E00A66822 /* AppDelegate.m in Sources */ = {isa = PBXBuildFile; fileRef = 144BEC311A7D890E00A66822 /* AppDelegate.m */; };
		144BEC351A7D890E00A66822 /* ViewController.m in Sources */ = {isa = PBXBuildFile; fileRef = 144BEC341A7D890E00A66822 /* ViewController.m */; };
		144BEC381A7D890E00A66822 /* Main.storyboard in Resources */ = {isa = PBXBuildFile; fileRef = 144BEC361A7D890E00A66822 /* Main.storyboard */; };
		144BEC3A1A7D890E00A66822 /* Images.xcassets in Resources */ = {isa = PBXBuildFile; fileRef = 144BEC391A7D890E00A66822 /* Images.xcassets */; };
		144BEC3D1A7D890E00A66822 /* LaunchScreen.xib in Resources */ = {isa = PBXBuildFile; fileRef = 144BEC3B1A7D890E00A66822 /* LaunchScreen.xib */; };
		144BEC491A7D890E00A66822 /* TavoloTests.m in Sources */ = {isa = PBXBuildFile; fileRef = 144BEC481A7D890E00A66822 /* TavoloTests.m */; };
		1456090F1A81861C00FCF7ED /* Bolts.framework in Frameworks */ = {isa = PBXBuildFile; fileRef = 1456090B1A81861C00FCF7ED /* Bolts.framework */; };
		145609101A81861C00FCF7ED /* Parse.framework in Frameworks */ = {isa = PBXBuildFile; fileRef = 1456090C1A81861C00FCF7ED /* Parse.framework */; };
		145609111A81861C00FCF7ED /* ParseCrashReporting.framework in Frameworks */ = {isa = PBXBuildFile; fileRef = 1456090D1A81861C00FCF7ED /* ParseCrashReporting.framework */; };
		145609121A81861C00FCF7ED /* ParseUI.framework in Frameworks */ = {isa = PBXBuildFile; fileRef = 1456090E1A81861C00FCF7ED /* ParseUI.framework */; };
		145609141A81862B00FCF7ED /* AudioToolbox.framework in Frameworks */ = {isa = PBXBuildFile; fileRef = 145609131A81862B00FCF7ED /* AudioToolbox.framework */; };
		145609161A81863200FCF7ED /* CFNetwork.framework in Frameworks */ = {isa = PBXBuildFile; fileRef = 145609151A81863200FCF7ED /* CFNetwork.framework */; };
		1456091B1A81864800FCF7ED /* CoreGraphics.framework in Frameworks */ = {isa = PBXBuildFile; fileRef = 145609171A81864800FCF7ED /* CoreGraphics.framework */; };
		1456091C1A81864800FCF7ED /* CoreLocation.framework in Frameworks */ = {isa = PBXBuildFile; fileRef = 145609181A81864800FCF7ED /* CoreLocation.framework */; };
		1456091D1A81864800FCF7ED /* MobileCoreServices.framework in Frameworks */ = {isa = PBXBuildFile; fileRef = 145609191A81864800FCF7ED /* MobileCoreServices.framework */; };
		1456091E1A81864800FCF7ED /* QuartzCore.framework in Frameworks */ = {isa = PBXBuildFile; fileRef = 1456091A1A81864800FCF7ED /* QuartzCore.framework */; };
		145609201A81864D00FCF7ED /* Security.framework in Frameworks */ = {isa = PBXBuildFile; fileRef = 1456091F1A81864D00FCF7ED /* Security.framework */; };
		145609221A81865300FCF7ED /* StoreKit.framework in Frameworks */ = {isa = PBXBuildFile; fileRef = 145609211A81865300FCF7ED /* StoreKit.framework */; };
		145609241A81865A00FCF7ED /* SystemConfiguration.framework in Frameworks */ = {isa = PBXBuildFile; fileRef = 145609231A81865A00FCF7ED /* SystemConfiguration.framework */; };
		145609261A81866300FCF7ED /* libz.dylib in Frameworks */ = {isa = PBXBuildFile; fileRef = 145609251A81866300FCF7ED /* libz.dylib */; };
		145609281A81866B00FCF7ED /* libsqlite3.dylib in Frameworks */ = {isa = PBXBuildFile; fileRef = 145609271A81866B00FCF7ED /* libsqlite3.dylib */; };
		1483DFCB1A841DBC00D1E894 /* Social.framework in Frameworks */ = {isa = PBXBuildFile; fileRef = 1483DFCA1A841DBC00D1E894 /* Social.framework */; };
		1483DFCD1A841DC000D1E894 /* Accounts.framework in Frameworks */ = {isa = PBXBuildFile; fileRef = 1483DFCC1A841DC000D1E894 /* Accounts.framework */; };
		1483DFD01A841F7E00D1E894 /* TavoloLoginViewController.m in Sources */ = {isa = PBXBuildFile; fileRef = 1483DFCF1A841F7E00D1E894 /* TavoloLoginViewController.m */; };
		1483DFD71A84206C00D1E894 /* UIColor+TavoloColor.m in Sources */ = {isa = PBXBuildFile; fileRef = 1483DFD61A84206C00D1E894 /* UIColor+TavoloColor.m */; };
		14854D6A1A7F47F100121D24 /* TavoloLabel.m in Sources */ = {isa = PBXBuildFile; fileRef = 14854D691A7F47F100121D24 /* TavoloLabel.m */; };
		14854D6F1A7F4B5B00121D24 /* Roboto-Thin.ttf in Resources */ = {isa = PBXBuildFile; fileRef = 14854D6E1A7F4B5B00121D24 /* Roboto-Thin.ttf */; };
		14854D711A7F4B6700121D24 /* Roboto-Medium.ttf in Resources */ = {isa = PBXBuildFile; fileRef = 14854D701A7F4B6700121D24 /* Roboto-Medium.ttf */; };
		148A07E01ADF612C00D309DA /* TavoloTableViewCell.m in Sources */ = {isa = PBXBuildFile; fileRef = 148A07DF1ADF612C00D309DA /* TavoloTableViewCell.m */; };
		14D522561ADF334400AA604D /* cheesecake-factory.jpg in Resources */ = {isa = PBXBuildFile; fileRef = 14D522531ADF334400AA604D /* cheesecake-factory.jpg */; };
		14D522571ADF334400AA604D /* Down4-50.png in Resources */ = {isa = PBXBuildFile; fileRef = 14D522541ADF334400AA604D /* Down4-50.png */; };
		14D522581ADF334400AA604D /* Up4-50.png in Resources */ = {isa = PBXBuildFile; fileRef = 14D522551ADF334400AA604D /* Up4-50.png */; };
		D98802061ADCABE1003C8EC5 /* PinViewController.m in Sources */ = {isa = PBXBuildFile; fileRef = D98802051ADCABE1003C8EC5 /* PinViewController.m */; };
		D98802091ADCAD4F003C8EC5 /* WaitScreenViewController.m in Sources */ = {isa = PBXBuildFile; fileRef = D98802081ADCAD4F003C8EC5 /* WaitScreenViewController.m */; };
		D98802171ADDA1FA003C8EC5 /* DropDownViewController.m in Sources */ = {isa = PBXBuildFile; fileRef = D98802161ADDA1FA003C8EC5 /* DropDownViewController.m */; };
		EE32A0951AD972A20056BA25 /* RestaurantTableController.m in Sources */ = {isa = PBXBuildFile; fileRef = EE32A0941AD972A20056BA25 /* RestaurantTableController.m */; };
		EE32A0981AD974D10056BA25 /* RestaurantCell.m in Sources */ = {isa = PBXBuildFile; fileRef = EE32A0971AD974D10056BA25 /* RestaurantCell.m */; };
		EE32A09B1AD975C20056BA25 /* Customer.m in Sources */ = {isa = PBXBuildFile; fileRef = EE32A0991AD975C20056BA25 /* Customer.m */; };
		EED122A71AC7A1DB00DE7B42 /* HostViewController.m in Sources */ = {isa = PBXBuildFile; fileRef = EED122A61AC7A1DB00DE7B42 /* HostViewController.m */; };
		EED122AC1AD2252600DE7B42 /* SettingsViewController.m in Sources */ = {isa = PBXBuildFile; fileRef = EED122AB1AD2252600DE7B42 /* SettingsViewController.m */; };
/* End PBXBuildFile section */

/* Begin PBXContainerItemProxy section */
		144BEC431A7D890E00A66822 /* PBXContainerItemProxy */ = {
			isa = PBXContainerItemProxy;
			containerPortal = 144BEC211A7D890E00A66822 /* Project object */;
			proxyType = 1;
			remoteGlobalIDString = 144BEC281A7D890E00A66822;
			remoteInfo = Tavolo;
		};
/* End PBXContainerItemProxy section */

/* Begin PBXFileReference section */
		141222841A98381600C61EEE /* TavoloSignupViewController.h */ = {isa = PBXFileReference; fileEncoding = 4; lastKnownFileType = sourcecode.c.h; name = TavoloSignupViewController.h; path = Tavolo/TavoloSignupViewController.h; sourceTree = "<group>"; };
		141222851A98381600C61EEE /* TavoloSignupViewController.m */ = {isa = PBXFileReference; fileEncoding = 4; lastKnownFileType = sourcecode.c.objc; name = TavoloSignupViewController.m; path = Tavolo/TavoloSignupViewController.m; sourceTree = "<group>"; };
		144BEC291A7D890E00A66822 /* Tavolo.app */ = {isa = PBXFileReference; explicitFileType = wrapper.application; includeInIndex = 0; path = Tavolo.app; sourceTree = BUILT_PRODUCTS_DIR; };
		144BEC2D1A7D890E00A66822 /* Info.plist */ = {isa = PBXFileReference; lastKnownFileType = text.plist.xml; path = Info.plist; sourceTree = "<group>"; };
		144BEC2E1A7D890E00A66822 /* main.m */ = {isa = PBXFileReference; lastKnownFileType = sourcecode.c.objc; path = main.m; sourceTree = "<group>"; };
		144BEC301A7D890E00A66822 /* AppDelegate.h */ = {isa = PBXFileReference; lastKnownFileType = sourcecode.c.h; path = AppDelegate.h; sourceTree = "<group>"; };
		144BEC311A7D890E00A66822 /* AppDelegate.m */ = {isa = PBXFileReference; lastKnownFileType = sourcecode.c.objc; path = AppDelegate.m; sourceTree = "<group>"; };
		144BEC331A7D890E00A66822 /* ViewController.h */ = {isa = PBXFileReference; lastKnownFileType = sourcecode.c.h; path = ViewController.h; sourceTree = "<group>"; };
		144BEC341A7D890E00A66822 /* ViewController.m */ = {isa = PBXFileReference; lastKnownFileType = sourcecode.c.objc; path = ViewController.m; sourceTree = "<group>"; };
		144BEC371A7D890E00A66822 /* Base */ = {isa = PBXFileReference; lastKnownFileType = file.storyboard; name = Base; path = Base.lproj/Main.storyboard; sourceTree = "<group>"; };
		144BEC391A7D890E00A66822 /* Images.xcassets */ = {isa = PBXFileReference; lastKnownFileType = folder.assetcatalog; path = Images.xcassets; sourceTree = "<group>"; };
		144BEC3C1A7D890E00A66822 /* Base */ = {isa = PBXFileReference; lastKnownFileType = file.xib; name = Base; path = Base.lproj/LaunchScreen.xib; sourceTree = "<group>"; };
		144BEC421A7D890E00A66822 /* TavoloTests.xctest */ = {isa = PBXFileReference; explicitFileType = wrapper.cfbundle; includeInIndex = 0; path = TavoloTests.xctest; sourceTree = BUILT_PRODUCTS_DIR; };
		144BEC471A7D890E00A66822 /* Info.plist */ = {isa = PBXFileReference; lastKnownFileType = text.plist.xml; path = Info.plist; sourceTree = "<group>"; };
		144BEC481A7D890E00A66822 /* TavoloTests.m */ = {isa = PBXFileReference; lastKnownFileType = sourcecode.c.objc; path = TavoloTests.m; sourceTree = "<group>"; };
		1456090B1A81861C00FCF7ED /* Bolts.framework */ = {isa = PBXFileReference; lastKnownFileType = wrapper.framework; path = Bolts.framework; sourceTree = "<group>"; };
		1456090C1A81861C00FCF7ED /* Parse.framework */ = {isa = PBXFileReference; lastKnownFileType = wrapper.framework; path = Parse.framework; sourceTree = "<group>"; };
		1456090D1A81861C00FCF7ED /* ParseCrashReporting.framework */ = {isa = PBXFileReference; lastKnownFileType = wrapper.framework; path = ParseCrashReporting.framework; sourceTree = "<group>"; };
		1456090E1A81861C00FCF7ED /* ParseUI.framework */ = {isa = PBXFileReference; lastKnownFileType = wrapper.framework; path = ParseUI.framework; sourceTree = "<group>"; };
		145609131A81862B00FCF7ED /* AudioToolbox.framework */ = {isa = PBXFileReference; lastKnownFileType = wrapper.framework; name = AudioToolbox.framework; path = System/Library/Frameworks/AudioToolbox.framework; sourceTree = SDKROOT; };
		145609151A81863200FCF7ED /* CFNetwork.framework */ = {isa = PBXFileReference; lastKnownFileType = wrapper.framework; name = CFNetwork.framework; path = System/Library/Frameworks/CFNetwork.framework; sourceTree = SDKROOT; };
		145609171A81864800FCF7ED /* CoreGraphics.framework */ = {isa = PBXFileReference; lastKnownFileType = wrapper.framework; name = CoreGraphics.framework; path = System/Library/Frameworks/CoreGraphics.framework; sourceTree = SDKROOT; };
		145609181A81864800FCF7ED /* CoreLocation.framework */ = {isa = PBXFileReference; lastKnownFileType = wrapper.framework; name = CoreLocation.framework; path = System/Library/Frameworks/CoreLocation.framework; sourceTree = SDKROOT; };
		145609191A81864800FCF7ED /* MobileCoreServices.framework */ = {isa = PBXFileReference; lastKnownFileType = wrapper.framework; name = MobileCoreServices.framework; path = System/Library/Frameworks/MobileCoreServices.framework; sourceTree = SDKROOT; };
		1456091A1A81864800FCF7ED /* QuartzCore.framework */ = {isa = PBXFileReference; lastKnownFileType = wrapper.framework; name = QuartzCore.framework; path = System/Library/Frameworks/QuartzCore.framework; sourceTree = SDKROOT; };
		1456091F1A81864D00FCF7ED /* Security.framework */ = {isa = PBXFileReference; lastKnownFileType = wrapper.framework; name = Security.framework; path = System/Library/Frameworks/Security.framework; sourceTree = SDKROOT; };
		145609211A81865300FCF7ED /* StoreKit.framework */ = {isa = PBXFileReference; lastKnownFileType = wrapper.framework; name = StoreKit.framework; path = System/Library/Frameworks/StoreKit.framework; sourceTree = SDKROOT; };
		145609231A81865A00FCF7ED /* SystemConfiguration.framework */ = {isa = PBXFileReference; lastKnownFileType = wrapper.framework; name = SystemConfiguration.framework; path = System/Library/Frameworks/SystemConfiguration.framework; sourceTree = SDKROOT; };
		145609251A81866300FCF7ED /* libz.dylib */ = {isa = PBXFileReference; lastKnownFileType = "compiled.mach-o.dylib"; name = libz.dylib; path = usr/lib/libz.dylib; sourceTree = SDKROOT; };
		145609271A81866B00FCF7ED /* libsqlite3.dylib */ = {isa = PBXFileReference; lastKnownFileType = "compiled.mach-o.dylib"; name = libsqlite3.dylib; path = usr/lib/libsqlite3.dylib; sourceTree = SDKROOT; };
		1483DFCA1A841DBC00D1E894 /* Social.framework */ = {isa = PBXFileReference; lastKnownFileType = wrapper.framework; name = Social.framework; path = System/Library/Frameworks/Social.framework; sourceTree = SDKROOT; };
		1483DFCC1A841DC000D1E894 /* Accounts.framework */ = {isa = PBXFileReference; lastKnownFileType = wrapper.framework; name = Accounts.framework; path = System/Library/Frameworks/Accounts.framework; sourceTree = SDKROOT; };
		1483DFCE1A841F7E00D1E894 /* TavoloLoginViewController.h */ = {isa = PBXFileReference; fileEncoding = 4; lastKnownFileType = sourcecode.c.h; name = TavoloLoginViewController.h; path = Tavolo/TavoloLoginViewController.h; sourceTree = "<group>"; };
		1483DFCF1A841F7E00D1E894 /* TavoloLoginViewController.m */ = {isa = PBXFileReference; fileEncoding = 4; lastKnownFileType = sourcecode.c.objc; name = TavoloLoginViewController.m; path = Tavolo/TavoloLoginViewController.m; sourceTree = "<group>"; };
		1483DFD51A84206C00D1E894 /* UIColor+TavoloColor.h */ = {isa = PBXFileReference; fileEncoding = 4; lastKnownFileType = sourcecode.c.h; name = "UIColor+TavoloColor.h"; path = "Tavolo/UIColor+TavoloColor.h"; sourceTree = "<group>"; };
		1483DFD61A84206C00D1E894 /* UIColor+TavoloColor.m */ = {isa = PBXFileReference; fileEncoding = 4; lastKnownFileType = sourcecode.c.objc; name = "UIColor+TavoloColor.m"; path = "Tavolo/UIColor+TavoloColor.m"; sourceTree = "<group>"; };
		14854D681A7F47F100121D24 /* TavoloLabel.h */ = {isa = PBXFileReference; fileEncoding = 4; lastKnownFileType = sourcecode.c.h; path = TavoloLabel.h; sourceTree = "<group>"; };
		14854D691A7F47F100121D24 /* TavoloLabel.m */ = {isa = PBXFileReference; fileEncoding = 4; lastKnownFileType = sourcecode.c.objc; path = TavoloLabel.m; sourceTree = "<group>"; };
		14854D6E1A7F4B5B00121D24 /* Roboto-Thin.ttf */ = {isa = PBXFileReference; lastKnownFileType = file; path = "Roboto-Thin.ttf"; sourceTree = "<group>"; };
		14854D701A7F4B6700121D24 /* Roboto-Medium.ttf */ = {isa = PBXFileReference; lastKnownFileType = file; path = "Roboto-Medium.ttf"; sourceTree = "<group>"; };
		148A07DE1ADF612C00D309DA /* TavoloTableViewCell.h */ = {isa = PBXFileReference; fileEncoding = 4; lastKnownFileType = sourcecode.c.h; path = TavoloTableViewCell.h; sourceTree = "<group>"; };
		148A07DF1ADF612C00D309DA /* TavoloTableViewCell.m */ = {isa = PBXFileReference; fileEncoding = 4; lastKnownFileType = sourcecode.c.objc; path = TavoloTableViewCell.m; sourceTree = "<group>"; };
		14D522531ADF334400AA604D /* cheesecake-factory.jpg */ = {isa = PBXFileReference; lastKnownFileType = image.jpeg; path = "cheesecake-factory.jpg"; sourceTree = "<group>"; };
		14D522541ADF334400AA604D /* Down4-50.png */ = {isa = PBXFileReference; lastKnownFileType = image.png; path = "Down4-50.png"; sourceTree = "<group>"; };
		14D522551ADF334400AA604D /* Up4-50.png */ = {isa = PBXFileReference; lastKnownFileType = image.png; path = "Up4-50.png"; sourceTree = "<group>"; };
		D98802041ADCABE1003C8EC5 /* PinViewController.h */ = {isa = PBXFileReference; fileEncoding = 4; lastKnownFileType = sourcecode.c.h; path = PinViewController.h; sourceTree = "<group>"; };
		D98802051ADCABE1003C8EC5 /* PinViewController.m */ = {isa = PBXFileReference; fileEncoding = 4; lastKnownFileType = sourcecode.c.objc; path = PinViewController.m; sourceTree = "<group>"; };
		D98802071ADCAD4F003C8EC5 /* WaitScreenViewController.h */ = {isa = PBXFileReference; fileEncoding = 4; lastKnownFileType = sourcecode.c.h; path = WaitScreenViewController.h; sourceTree = "<group>"; };
		D98802081ADCAD4F003C8EC5 /* WaitScreenViewController.m */ = {isa = PBXFileReference; fileEncoding = 4; lastKnownFileType = sourcecode.c.objc; path = WaitScreenViewController.m; sourceTree = "<group>"; };
		D988020E1ADD6789003C8EC5 /* Down4-50.png */ = {isa = PBXFileReference; lastKnownFileType = image.png; name = "Down4-50.png"; path = "../../../Down4-50.png"; sourceTree = "<group>"; };
		D98802111ADD7623003C8EC5 /* Up4-50.png */ = {isa = PBXFileReference; lastKnownFileType = image.png; name = "Up4-50.png"; path = "../../../Up4-50.png"; sourceTree = "<group>"; };
		D98802131ADD795C003C8EC5 /* cheesecake-factory.jpg */ = {isa = PBXFileReference; lastKnownFileType = image.jpeg; name = "cheesecake-factory.jpg"; path = "../../../cheesecake-factory.jpg"; sourceTree = "<group>"; };
		D98802151ADDA1FA003C8EC5 /* DropDownViewController.h */ = {isa = PBXFileReference; fileEncoding = 4; lastKnownFileType = sourcecode.c.h; path = DropDownViewController.h; sourceTree = "<group>"; };
		D98802161ADDA1FA003C8EC5 /* DropDownViewController.m */ = {isa = PBXFileReference; fileEncoding = 4; lastKnownFileType = sourcecode.c.objc; path = DropDownViewController.m; sourceTree = "<group>"; };
		EE32A0931AD972A20056BA25 /* RestaurantTableController.h */ = {isa = PBXFileReference; fileEncoding = 4; lastKnownFileType = sourcecode.c.h; path = RestaurantTableController.h; sourceTree = "<group>"; };
		EE32A0941AD972A20056BA25 /* RestaurantTableController.m */ = {isa = PBXFileReference; fileEncoding = 4; lastKnownFileType = sourcecode.c.objc; path = RestaurantTableController.m; sourceTree = "<group>"; };
		EE32A0961AD974D10056BA25 /* RestaurantCell.h */ = {isa = PBXFileReference; fileEncoding = 4; lastKnownFileType = sourcecode.c.h; path = RestaurantCell.h; sourceTree = "<group>"; };
		EE32A0971AD974D10056BA25 /* RestaurantCell.m */ = {isa = PBXFileReference; fileEncoding = 4; lastKnownFileType = sourcecode.c.objc; path = RestaurantCell.m; sourceTree = "<group>"; };
		EE32A0991AD975C20056BA25 /* Customer.m */ = {isa = PBXFileReference; fileEncoding = 4; lastKnownFileType = sourcecode.c.objc; path = Customer.m; sourceTree = "<group>"; };
		EE32A09A1AD975C20056BA25 /* Customer.h */ = {isa = PBXFileReference; fileEncoding = 4; lastKnownFileType = sourcecode.c.h; path = Customer.h; sourceTree = "<group>"; };
		EED122A51AC7A1DB00DE7B42 /* HostViewController.h */ = {isa = PBXFileReference; fileEncoding = 4; lastKnownFileType = sourcecode.c.h; path = HostViewController.h; sourceTree = "<group>"; };
		EED122A61AC7A1DB00DE7B42 /* HostViewController.m */ = {isa = PBXFileReference; fileEncoding = 4; lastKnownFileType = sourcecode.c.objc; path = HostViewController.m; sourceTree = "<group>"; };
		EED122AA1AD2252600DE7B42 /* SettingsViewController.h */ = {isa = PBXFileReference; fileEncoding = 4; lastKnownFileType = sourcecode.c.h; path = SettingsViewController.h; sourceTree = "<group>"; };
		EED122AB1AD2252600DE7B42 /* SettingsViewController.m */ = {isa = PBXFileReference; fileEncoding = 4; lastKnownFileType = sourcecode.c.objc; path = SettingsViewController.m; sourceTree = "<group>"; };
/* End PBXFileReference section */

/* Begin PBXFrameworksBuildPhase section */
		144BEC261A7D890E00A66822 /* Frameworks */ = {
			isa = PBXFrameworksBuildPhase;
			buildActionMask = 2147483647;
			files = (
				1483DFCD1A841DC000D1E894 /* Accounts.framework in Frameworks */,
				1483DFCB1A841DBC00D1E894 /* Social.framework in Frameworks */,
				145609281A81866B00FCF7ED /* libsqlite3.dylib in Frameworks */,
				145609261A81866300FCF7ED /* libz.dylib in Frameworks */,
				145609241A81865A00FCF7ED /* SystemConfiguration.framework in Frameworks */,
				145609221A81865300FCF7ED /* StoreKit.framework in Frameworks */,
				145609201A81864D00FCF7ED /* Security.framework in Frameworks */,
				1456091B1A81864800FCF7ED /* CoreGraphics.framework in Frameworks */,
				1456091C1A81864800FCF7ED /* CoreLocation.framework in Frameworks */,
				1456091D1A81864800FCF7ED /* MobileCoreServices.framework in Frameworks */,
				1456091E1A81864800FCF7ED /* QuartzCore.framework in Frameworks */,
				145609161A81863200FCF7ED /* CFNetwork.framework in Frameworks */,
				145609141A81862B00FCF7ED /* AudioToolbox.framework in Frameworks */,
				145609101A81861C00FCF7ED /* Parse.framework in Frameworks */,
				145609111A81861C00FCF7ED /* ParseCrashReporting.framework in Frameworks */,
				145609121A81861C00FCF7ED /* ParseUI.framework in Frameworks */,
				1456090F1A81861C00FCF7ED /* Bolts.framework in Frameworks */,
			);
			runOnlyForDeploymentPostprocessing = 0;
		};
		144BEC3F1A7D890E00A66822 /* Frameworks */ = {
			isa = PBXFrameworksBuildPhase;
			buildActionMask = 2147483647;
			files = (
			);
			runOnlyForDeploymentPostprocessing = 0;
		};
/* End PBXFrameworksBuildPhase section */

/* Begin PBXGroup section */
		141222871A98381A00C61EEE /* TavoloSignupViewController */ = {
			isa = PBXGroup;
			children = (
				141222841A98381600C61EEE /* TavoloSignupViewController.h */,
				141222851A98381600C61EEE /* TavoloSignupViewController.m */,
			);
			name = TavoloSignupViewController;
			path = ..;
			sourceTree = "<group>";
		};
		144BEC201A7D890E00A66822 = {
			isa = PBXGroup;
			children = (
				144BEC2B1A7D890E00A66822 /* Tavolo */,
				144BEC451A7D890E00A66822 /* TavoloTests */,
				144BEC2A1A7D890E00A66822 /* Products */,
			);
			sourceTree = "<group>";
		};
		144BEC2A1A7D890E00A66822 /* Products */ = {
			isa = PBXGroup;
			children = (
				144BEC291A7D890E00A66822 /* Tavolo.app */,
				144BEC421A7D890E00A66822 /* TavoloTests.xctest */,
			);
			name = Products;
			sourceTree = "<group>";
		};
		144BEC2B1A7D890E00A66822 /* Tavolo */ = {
			isa = PBXGroup;
			children = (
				1456092B1A81869500FCF7ED /* AppDelegate */,
				14854D6B1A7F47F400121D24 /* TavoloLabel */,
				1483DFD11A841F8300D1E894 /* TavoloLoginViewController */,
				141222871A98381A00C61EEE /* TavoloSignupViewController */,
				1483DFD81A84207000D1E894 /* UIColor+TavoloColor */,
				1456092C1A8186A100FCF7ED /* ViewController (main) */,
				144BEC361A7D890E00A66822 /* Main.storyboard */,
				D988020D1ADD61C8003C8EC5 /* Wait Screen */,
				1469AED71ADA0B03006D52BB /* RestaurantCell */,
				EED122AA1AD2252600DE7B42 /* SettingsViewController.h */,
				EED122AB1AD2252600DE7B42 /* SettingsViewController.m */,
				EE32A0931AD972A20056BA25 /* RestaurantTableController.h */,
				EE32A0941AD972A20056BA25 /* RestaurantTableController.m */,
				14D522591ADF334C00AA604D /* Images */,
				EED122A51AC7A1DB00DE7B42 /* HostViewController.h */,
				EED122A61AC7A1DB00DE7B42 /* HostViewController.m */,
				EE32A0991AD975C20056BA25 /* Customer.m */,
				EE32A09A1AD975C20056BA25 /* Customer.h */,
				144BEC391A7D890E00A66822 /* Images.xcassets */,
				144BEC3B1A7D890E00A66822 /* LaunchScreen.xib */,
				1456092A1A81868200FCF7ED /* Frameworks */,
				144BEC2C1A7D890E00A66822 /* Supporting Files */,
			);
			path = Tavolo;
			sourceTree = "<group>";
		};
		144BEC2C1A7D890E00A66822 /* Supporting Files */ = {
			isa = PBXGroup;
			children = (
				1483DFD91A84294A00D1E894 /* Fonts */,
				144BEC2D1A7D890E00A66822 /* Info.plist */,
				144BEC2E1A7D890E00A66822 /* main.m */,
			);
			name = "Supporting Files";
			sourceTree = "<group>";
		};
		144BEC451A7D890E00A66822 /* TavoloTests */ = {
			isa = PBXGroup;
			children = (
				144BEC481A7D890E00A66822 /* TavoloTests.m */,
				144BEC461A7D890E00A66822 /* Supporting Files */,
			);
			path = TavoloTests;
			sourceTree = "<group>";
		};
		144BEC461A7D890E00A66822 /* Supporting Files */ = {
			isa = PBXGroup;
			children = (
				144BEC471A7D890E00A66822 /* Info.plist */,
			);
			name = "Supporting Files";
			sourceTree = "<group>";
		};
		1456090A1A8185FC00FCF7ED /* Parse Frameworks */ = {
			isa = PBXGroup;
			children = (
				1456090B1A81861C00FCF7ED /* Bolts.framework */,
				1456090C1A81861C00FCF7ED /* Parse.framework */,
				1456090D1A81861C00FCF7ED /* ParseCrashReporting.framework */,
				1456090E1A81861C00FCF7ED /* ParseUI.framework */,
			);
			name = "Parse Frameworks";
			sourceTree = "<group>";
		};
		145609291A81867300FCF7ED /* Linked Frameworks */ = {
			isa = PBXGroup;
			children = (
				1483DFCC1A841DC000D1E894 /* Accounts.framework */,
				1483DFCA1A841DBC00D1E894 /* Social.framework */,
				145609271A81866B00FCF7ED /* libsqlite3.dylib */,
				145609251A81866300FCF7ED /* libz.dylib */,
				145609231A81865A00FCF7ED /* SystemConfiguration.framework */,
				145609211A81865300FCF7ED /* StoreKit.framework */,
				1456091F1A81864D00FCF7ED /* Security.framework */,
				145609171A81864800FCF7ED /* CoreGraphics.framework */,
				145609181A81864800FCF7ED /* CoreLocation.framework */,
				145609191A81864800FCF7ED /* MobileCoreServices.framework */,
				1456091A1A81864800FCF7ED /* QuartzCore.framework */,
				145609151A81863200FCF7ED /* CFNetwork.framework */,
				145609131A81862B00FCF7ED /* AudioToolbox.framework */,
			);
			name = "Linked Frameworks";
			sourceTree = "<group>";
		};
		1456092A1A81868200FCF7ED /* Frameworks */ = {
			isa = PBXGroup;
			children = (
				145609291A81867300FCF7ED /* Linked Frameworks */,
				1456090A1A8185FC00FCF7ED /* Parse Frameworks */,
			);
			name = Frameworks;
			path = ..;
			sourceTree = "<group>";
		};
		1456092B1A81869500FCF7ED /* AppDelegate */ = {
			isa = PBXGroup;
			children = (
				144BEC301A7D890E00A66822 /* AppDelegate.h */,
				144BEC311A7D890E00A66822 /* AppDelegate.m */,
			);
			name = AppDelegate;
			sourceTree = "<group>";
		};
		1456092C1A8186A100FCF7ED /* ViewController (main) */ = {
			isa = PBXGroup;
			children = (
				144BEC331A7D890E00A66822 /* ViewController.h */,
				144BEC341A7D890E00A66822 /* ViewController.m */,
			);
			name = "ViewController (main)";
			sourceTree = "<group>";
		};
		1469AED71ADA0B03006D52BB /* RestaurantCell */ = {
			isa = PBXGroup;
			children = (
				EE32A0961AD974D10056BA25 /* RestaurantCell.h */,
				EE32A0971AD974D10056BA25 /* RestaurantCell.m */,
				148A07DE1ADF612C00D309DA /* TavoloTableViewCell.h */,
				148A07DF1ADF612C00D309DA /* TavoloTableViewCell.m */,
			);
			name = RestaurantCell;
			sourceTree = "<group>";
		};
		1483DFD11A841F8300D1E894 /* TavoloLoginViewController */ = {
			isa = PBXGroup;
			children = (
				1483DFCE1A841F7E00D1E894 /* TavoloLoginViewController.h */,
				1483DFCF1A841F7E00D1E894 /* TavoloLoginViewController.m */,
			);
			name = TavoloLoginViewController;
			path = ..;
			sourceTree = "<group>";
		};
		1483DFD81A84207000D1E894 /* UIColor+TavoloColor */ = {
			isa = PBXGroup;
			children = (
				1483DFD51A84206C00D1E894 /* UIColor+TavoloColor.h */,
				1483DFD61A84206C00D1E894 /* UIColor+TavoloColor.m */,
			);
			name = "UIColor+TavoloColor";
			path = ..;
			sourceTree = "<group>";
		};
		1483DFD91A84294A00D1E894 /* Fonts */ = {
			isa = PBXGroup;
			children = (
				14854D701A7F4B6700121D24 /* Roboto-Medium.ttf */,
				14854D6E1A7F4B5B00121D24 /* Roboto-Thin.ttf */,
			);
			name = Fonts;
			sourceTree = "<group>";
		};
		14854D6B1A7F47F400121D24 /* TavoloLabel */ = {
			isa = PBXGroup;
			children = (
				14854D681A7F47F100121D24 /* TavoloLabel.h */,
				14854D691A7F47F100121D24 /* TavoloLabel.m */,
			);
			name = TavoloLabel;
			sourceTree = "<group>";
		};
		14D522591ADF334C00AA604D /* Images */ = {
			isa = PBXGroup;
			children = (
				14D522531ADF334400AA604D /* cheesecake-factory.jpg */,
				14D522541ADF334400AA604D /* Down4-50.png */,
				14D522551ADF334400AA604D /* Up4-50.png */,
			);
			name = Images;
			sourceTree = "<group>";
		};
		D988020D1ADD61C8003C8EC5 /* Wait Screen */ = {
			isa = PBXGroup;
			children = (
				D98802101ADD679A003C8EC5 /* Resources */,
				D98802151ADDA1FA003C8EC5 /* DropDownViewController.h */,
				D98802161ADDA1FA003C8EC5 /* DropDownViewController.m */,
				D98802051ADCABE1003C8EC5 /* PinViewController.m */,
				D98802041ADCABE1003C8EC5 /* PinViewController.h */,
				D98802071ADCAD4F003C8EC5 /* WaitScreenViewController.h */,
				D98802081ADCAD4F003C8EC5 /* WaitScreenViewController.m */,
			);
			name = "Wait Screen";
			sourceTree = "<group>";
		};
		D98802101ADD679A003C8EC5 /* Resources */ = {
			isa = PBXGroup;
			children = (
				D98802131ADD795C003C8EC5 /* cheesecake-factory.jpg */,
				D98802111ADD7623003C8EC5 /* Up4-50.png */,
				D988020E1ADD6789003C8EC5 /* Down4-50.png */,
			);
			name = Resources;
			sourceTree = "<group>";
		};
/* End PBXGroup section */

/* Begin PBXNativeTarget section */
		144BEC281A7D890E00A66822 /* Tavolo */ = {
			isa = PBXNativeTarget;
			buildConfigurationList = 144BEC4C1A7D890E00A66822 /* Build configuration list for PBXNativeTarget "Tavolo" */;
			buildPhases = (
				144BEC251A7D890E00A66822 /* Sources */,
				144BEC261A7D890E00A66822 /* Frameworks */,
				144BEC271A7D890E00A66822 /* Resources */,
			);
			buildRules = (
			);
			dependencies = (
			);
			name = Tavolo;
			productName = Tavolo;
			productReference = 144BEC291A7D890E00A66822 /* Tavolo.app */;
			productType = "com.apple.product-type.application";
		};
		144BEC411A7D890E00A66822 /* TavoloTests */ = {
			isa = PBXNativeTarget;
			buildConfigurationList = 144BEC4F1A7D890E00A66822 /* Build configuration list for PBXNativeTarget "TavoloTests" */;
			buildPhases = (
				144BEC3E1A7D890E00A66822 /* Sources */,
				144BEC3F1A7D890E00A66822 /* Frameworks */,
				144BEC401A7D890E00A66822 /* Resources */,
			);
			buildRules = (
			);
			dependencies = (
				144BEC441A7D890E00A66822 /* PBXTargetDependency */,
			);
			name = TavoloTests;
			productName = TavoloTests;
			productReference = 144BEC421A7D890E00A66822 /* TavoloTests.xctest */;
			productType = "com.apple.product-type.bundle.unit-test";
		};
/* End PBXNativeTarget section */

/* Begin PBXProject section */
		144BEC211A7D890E00A66822 /* Project object */ = {
			isa = PBXProject;
			attributes = {
				LastUpgradeCheck = 0610;
				ORGANIZATIONNAME = "Tavolo Team";
				TargetAttributes = {
					144BEC281A7D890E00A66822 = {
						CreatedOnToolsVersion = 6.1.1;
					};
					144BEC411A7D890E00A66822 = {
						CreatedOnToolsVersion = 6.1.1;
						TestTargetID = 144BEC281A7D890E00A66822;
					};
				};
			};
			buildConfigurationList = 144BEC241A7D890E00A66822 /* Build configuration list for PBXProject "Tavolo" */;
			compatibilityVersion = "Xcode 3.2";
			developmentRegion = English;
			hasScannedForEncodings = 0;
			knownRegions = (
				en,
				Base,
			);
			mainGroup = 144BEC201A7D890E00A66822;
			productRefGroup = 144BEC2A1A7D890E00A66822 /* Products */;
			projectDirPath = "";
			projectRoot = "";
			targets = (
				144BEC281A7D890E00A66822 /* Tavolo */,
				144BEC411A7D890E00A66822 /* TavoloTests */,
			);
		};
/* End PBXProject section */

/* Begin PBXResourcesBuildPhase section */
		144BEC271A7D890E00A66822 /* Resources */ = {
			isa = PBXResourcesBuildPhase;
			buildActionMask = 2147483647;
			files = (
				14854D711A7F4B6700121D24 /* Roboto-Medium.ttf in Resources */,
				144BEC381A7D890E00A66822 /* Main.storyboard in Resources */,
				14D522581ADF334400AA604D /* Up4-50.png in Resources */,
				144BEC3D1A7D890E00A66822 /* LaunchScreen.xib in Resources */,
				14D522561ADF334400AA604D /* cheesecake-factory.jpg in Resources */,
				14854D6F1A7F4B5B00121D24 /* Roboto-Thin.ttf in Resources */,
				144BEC3A1A7D890E00A66822 /* Images.xcassets in Resources */,
				14D522571ADF334400AA604D /* Down4-50.png in Resources */,
			);
			runOnlyForDeploymentPostprocessing = 0;
		};
		144BEC401A7D890E00A66822 /* Resources */ = {
			isa = PBXResourcesBuildPhase;
			buildActionMask = 2147483647;
			files = (
			);
			runOnlyForDeploymentPostprocessing = 0;
		};
/* End PBXResourcesBuildPhase section */

/* Begin PBXSourcesBuildPhase section */
		144BEC251A7D890E00A66822 /* Sources */ = {
			isa = PBXSourcesBuildPhase;
			buildActionMask = 2147483647;
			files = (
				EE32A0981AD974D10056BA25 /* RestaurantCell.m in Sources */,
				144BEC351A7D890E00A66822 /* ViewController.m in Sources */,
				14854D6A1A7F47F100121D24 /* TavoloLabel.m in Sources */,
				144BEC321A7D890E00A66822 /* AppDelegate.m in Sources */,
				EED122AC1AD2252600DE7B42 /* SettingsViewController.m in Sources */,
				D98802061ADCABE1003C8EC5 /* PinViewController.m in Sources */,
				144BEC2F1A7D890E00A66822 /* main.m in Sources */,
				EE32A0951AD972A20056BA25 /* RestaurantTableController.m in Sources */,
				148A07E01ADF612C00D309DA /* TavoloTableViewCell.m in Sources */,
				EE32A09B1AD975C20056BA25 /* Customer.m in Sources */,
				D98802091ADCAD4F003C8EC5 /* WaitScreenViewController.m in Sources */,
				EED122A71AC7A1DB00DE7B42 /* HostViewController.m in Sources */,
				1483DFD71A84206C00D1E894 /* UIColor+TavoloColor.m in Sources */,
				141222861A98381600C61EEE /* TavoloSignupViewController.m in Sources */,
				1483DFD01A841F7E00D1E894 /* TavoloLoginViewController.m in Sources */,
				D98802171ADDA1FA003C8EC5 /* DropDownViewController.m in Sources */,
			);
			runOnlyForDeploymentPostprocessing = 0;
		};
		144BEC3E1A7D890E00A66822 /* Sources */ = {
			isa = PBXSourcesBuildPhase;
			buildActionMask = 2147483647;
			files = (
				144BEC491A7D890E00A66822 /* TavoloTests.m in Sources */,
			);
			runOnlyForDeploymentPostprocessing = 0;
		};
/* End PBXSourcesBuildPhase section */

/* Begin PBXTargetDependency section */
		144BEC441A7D890E00A66822 /* PBXTargetDependency */ = {
			isa = PBXTargetDependency;
			target = 144BEC281A7D890E00A66822 /* Tavolo */;
			targetProxy = 144BEC431A7D890E00A66822 /* PBXContainerItemProxy */;
		};
/* End PBXTargetDependency section */

/* Begin PBXVariantGroup section */
		144BEC361A7D890E00A66822 /* Main.storyboard */ = {
			isa = PBXVariantGroup;
			children = (
				144BEC371A7D890E00A66822 /* Base */,
			);
			name = Main.storyboard;
			sourceTree = "<group>";
		};
		144BEC3B1A7D890E00A66822 /* LaunchScreen.xib */ = {
			isa = PBXVariantGroup;
			children = (
				144BEC3C1A7D890E00A66822 /* Base */,
			);
			name = LaunchScreen.xib;
			sourceTree = "<group>";
		};
/* End PBXVariantGroup section */

/* Begin XCBuildConfiguration section */
		144BEC4A1A7D890E00A66822 /* Debug */ = {
			isa = XCBuildConfiguration;
			buildSettings = {
				ALWAYS_SEARCH_USER_PATHS = NO;
				CLANG_CXX_LANGUAGE_STANDARD = "gnu++0x";
				CLANG_CXX_LIBRARY = "libc++";
				CLANG_ENABLE_MODULES = YES;
				CLANG_ENABLE_OBJC_ARC = YES;
				CLANG_WARN_BOOL_CONVERSION = YES;
				CLANG_WARN_CONSTANT_CONVERSION = YES;
				CLANG_WARN_DIRECT_OBJC_ISA_USAGE = YES_ERROR;
				CLANG_WARN_EMPTY_BODY = YES;
				CLANG_WARN_ENUM_CONVERSION = YES;
				CLANG_WARN_INT_CONVERSION = YES;
				CLANG_WARN_OBJC_ROOT_CLASS = YES_ERROR;
				CLANG_WARN_UNREACHABLE_CODE = YES;
				CLANG_WARN__DUPLICATE_METHOD_MATCH = YES;
				"CODE_SIGN_IDENTITY[sdk=iphoneos*]" = "iPhone Developer";
				COPY_PHASE_STRIP = NO;
				ENABLE_STRICT_OBJC_MSGSEND = YES;
				GCC_C_LANGUAGE_STANDARD = gnu99;
				GCC_DYNAMIC_NO_PIC = NO;
				GCC_OPTIMIZATION_LEVEL = 0;
				GCC_PREPROCESSOR_DEFINITIONS = (
					"DEBUG=1",
					"$(inherited)",
				);
				GCC_SYMBOLS_PRIVATE_EXTERN = NO;
				GCC_WARN_64_TO_32_BIT_CONVERSION = YES;
				GCC_WARN_ABOUT_RETURN_TYPE = YES_ERROR;
				GCC_WARN_UNDECLARED_SELECTOR = YES;
				GCC_WARN_UNINITIALIZED_AUTOS = YES_AGGRESSIVE;
				GCC_WARN_UNUSED_FUNCTION = YES;
				GCC_WARN_UNUSED_VARIABLE = YES;
				IPHONEOS_DEPLOYMENT_TARGET = 8.1;
				MTL_ENABLE_DEBUG_INFO = YES;
				ONLY_ACTIVE_ARCH = YES;
				SDKROOT = iphoneos;
				TARGETED_DEVICE_FAMILY = "1,2";
			};
			name = Debug;
		};
		144BEC4B1A7D890E00A66822 /* Release */ = {
			isa = XCBuildConfiguration;
			buildSettings = {
				ALWAYS_SEARCH_USER_PATHS = NO;
				CLANG_CXX_LANGUAGE_STANDARD = "gnu++0x";
				CLANG_CXX_LIBRARY = "libc++";
				CLANG_ENABLE_MODULES = YES;
				CLANG_ENABLE_OBJC_ARC = YES;
				CLANG_WARN_BOOL_CONVERSION = YES;
				CLANG_WARN_CONSTANT_CONVERSION = YES;
				CLANG_WARN_DIRECT_OBJC_ISA_USAGE = YES_ERROR;
				CLANG_WARN_EMPTY_BODY = YES;
				CLANG_WARN_ENUM_CONVERSION = YES;
				CLANG_WARN_INT_CONVERSION = YES;
				CLANG_WARN_OBJC_ROOT_CLASS = YES_ERROR;
				CLANG_WARN_UNREACHABLE_CODE = YES;
				CLANG_WARN__DUPLICATE_METHOD_MATCH = YES;
				"CODE_SIGN_IDENTITY[sdk=iphoneos*]" = "iPhone Developer";
				COPY_PHASE_STRIP = YES;
				ENABLE_NS_ASSERTIONS = NO;
				ENABLE_STRICT_OBJC_MSGSEND = YES;
				GCC_C_LANGUAGE_STANDARD = gnu99;
				GCC_WARN_64_TO_32_BIT_CONVERSION = YES;
				GCC_WARN_ABOUT_RETURN_TYPE = YES_ERROR;
				GCC_WARN_UNDECLARED_SELECTOR = YES;
				GCC_WARN_UNINITIALIZED_AUTOS = YES_AGGRESSIVE;
				GCC_WARN_UNUSED_FUNCTION = YES;
				GCC_WARN_UNUSED_VARIABLE = YES;
				IPHONEOS_DEPLOYMENT_TARGET = 8.1;
				MTL_ENABLE_DEBUG_INFO = NO;
				SDKROOT = iphoneos;
				TARGETED_DEVICE_FAMILY = "1,2";
				VALIDATE_PRODUCT = YES;
			};
			name = Release;
		};
		144BEC4D1A7D890E00A66822 /* Debug */ = {
			isa = XCBuildConfiguration;
			buildSettings = {
				ASSETCATALOG_COMPILER_APPICON_NAME = AppIcon;
				FRAMEWORK_SEARCH_PATHS = (
					"$(inherited)",
					"$(PROJECT_DIR)",
				);
				INFOPLIST_FILE = Tavolo/Info.plist;
				LD_RUNPATH_SEARCH_PATHS = "$(inherited) @executable_path/Frameworks";
				PRODUCT_NAME = "$(TARGET_NAME)";
			};
			name = Debug;
		};
		144BEC4E1A7D890E00A66822 /* Release */ = {
			isa = XCBuildConfiguration;
			buildSettings = {
				ASSETCATALOG_COMPILER_APPICON_NAME = AppIcon;
				FRAMEWORK_SEARCH_PATHS = (
					"$(inherited)",
					"$(PROJECT_DIR)",
				);
				INFOPLIST_FILE = Tavolo/Info.plist;
				LD_RUNPATH_SEARCH_PATHS = "$(inherited) @executable_path/Frameworks";
				PRODUCT_NAME = "$(TARGET_NAME)";
			};
			name = Release;
		};
		144BEC501A7D890E00A66822 /* Debug */ = {
			isa = XCBuildConfiguration;
			buildSettings = {
				BUNDLE_LOADER = "$(TEST_HOST)";
				FRAMEWORK_SEARCH_PATHS = (
					"$(SDKROOT)/Developer/Library/Frameworks",
					"$(inherited)",
				);
				GCC_PREPROCESSOR_DEFINITIONS = (
					"DEBUG=1",
					"$(inherited)",
				);
				INFOPLIST_FILE = TavoloTests/Info.plist;
				LD_RUNPATH_SEARCH_PATHS = "$(inherited) @executable_path/Frameworks @loader_path/Frameworks";
				PRODUCT_NAME = "$(TARGET_NAME)";
				TEST_HOST = "$(BUILT_PRODUCTS_DIR)/Tavolo.app/Tavolo";
			};
			name = Debug;
		};
		144BEC511A7D890E00A66822 /* Release */ = {
			isa = XCBuildConfiguration;
			buildSettings = {
				BUNDLE_LOADER = "$(TEST_HOST)";
				FRAMEWORK_SEARCH_PATHS = (
					"$(SDKROOT)/Developer/Library/Frameworks",
					"$(inherited)",
				);
				INFOPLIST_FILE = TavoloTests/Info.plist;
				LD_RUNPATH_SEARCH_PATHS = "$(inherited) @executable_path/Frameworks @loader_path/Frameworks";
				PRODUCT_NAME = "$(TARGET_NAME)";
				TEST_HOST = "$(BUILT_PRODUCTS_DIR)/Tavolo.app/Tavolo";
			};
			name = Release;
		};
/* End XCBuildConfiguration section */

/* Begin XCConfigurationList section */
		144BEC241A7D890E00A66822 /* Build configuration list for PBXProject "Tavolo" */ = {
			isa = XCConfigurationList;
			buildConfigurations = (
				144BEC4A1A7D890E00A66822 /* Debug */,
				144BEC4B1A7D890E00A66822 /* Release */,
			);
			defaultConfigurationIsVisible = 0;
			defaultConfigurationName = Release;
		};
		144BEC4C1A7D890E00A66822 /* Build configuration list for PBXNativeTarget "Tavolo" */ = {
			isa = XCConfigurationList;
			buildConfigurations = (
				144BEC4D1A7D890E00A66822 /* Debug */,
				144BEC4E1A7D890E00A66822 /* Release */,
			);
			defaultConfigurationIsVisible = 0;
			defaultConfigurationName = Release;
		};
		144BEC4F1A7D890E00A66822 /* Build configuration list for PBXNativeTarget "TavoloTests" */ = {
			isa = XCConfigurationList;
			buildConfigurations = (
				144BEC501A7D890E00A66822 /* Debug */,
				144BEC511A7D890E00A66822 /* Release */,
			);
			defaultConfigurationIsVisible = 0;
			defaultConfigurationName = Release;
		};
/* End XCConfigurationList section */
	};
	rootObject = 144BEC211A7D890E00A66822 /* Project object */;
}
